// !$*UTF8*$!
{
	archiveVersion = 1;
	classes = {
	};
	objectVersion = 77;
	objects = {

/* Begin PBXContainerItemProxy section */
		79EE67712DA75D6200FFD334 /* PBXContainerItemProxy */ = {
			isa = PBXContainerItemProxy;
			containerPortal = 79EE67522DA75D5F00FFD334 /* Project object */;
			proxyType = 1;
			remoteGlobalIDString = 79EE67592DA75D5F00FFD334;
			remoteInfo = AppStoreAPI;
		};
		79EE677B2DA75D6200FFD334 /* PBXContainerItemProxy */ = {
			isa = PBXContainerItemProxy;
			containerPortal = 79EE67522DA75D5F00FFD334 /* Project object */;
			proxyType = 1;
			remoteGlobalIDString = 79EE67592DA75D5F00FFD334;
			remoteInfo = AppStoreAPI;
		};
/* End PBXContainerItemProxy section */

/* Begin PBXFileReference section */
		79EE675A2DA75D5F00FFD334 /* AppStoreAPI.app */ = {isa = PBXFileReference; explicitFileType = wrapper.application; includeInIndex = 0; path = AppStoreAPI.app; sourceTree = BUILT_PRODUCTS_DIR; };
		79EE67702DA75D6200FFD334 /* AppStoreAPITests.xctest */ = {isa = PBXFileReference; explicitFileType = wrapper.cfbundle; includeInIndex = 0; path = AppStoreAPITests.xctest; sourceTree = BUILT_PRODUCTS_DIR; };
		79EE677A2DA75D6200FFD334 /* AppStoreAPIUITests.xctest */ = {isa = PBXFileReference; explicitFileType = wrapper.cfbundle; includeInIndex = 0; path = AppStoreAPIUITests.xctest; sourceTree = BUILT_PRODUCTS_DIR; };
/* End PBXFileReference section */

/* Begin PBXFileSystemSynchronizedBuildFileExceptionSet section */
		79EE67822DA75D6200FFD334 /* Exceptions for "AppStoreAPI" folder in "AppStoreAPI" target */ = {
			isa = PBXFileSystemSynchronizedBuildFileExceptionSet;
			membershipExceptions = (
				Info.plist,
			);
			target = 79EE67592DA75D5F00FFD334 /* AppStoreAPI */;
		};
/* End PBXFileSystemSynchronizedBuildFileExceptionSet section */

/* Begin PBXFileSystemSynchronizedRootGroup section */
		79EE675C2DA75D5F00FFD334 /* AppStoreAPI */ = {
			isa = PBXFileSystemSynchronizedRootGroup;
			exceptions = (
				79EE67822DA75D6200FFD334 /* Exceptions for "AppStoreAPI" folder in "AppStoreAPI" target */,
			);
			path = AppStoreAPI;
			sourceTree = "<group>";
		};
		79EE67732DA75D6200FFD334 /* AppStoreAPITests */ = {
			isa = PBXFileSystemSynchronizedRootGroup;
			path = AppStoreAPITests;
			sourceTree = "<group>";
		};
		79EE677D2DA75D6200FFD334 /* AppStoreAPIUITests */ = {
			isa = PBXFileSystemSynchronizedRootGroup;
			path = AppStoreAPIUITests;
			sourceTree = "<group>";
		};
/* End PBXFileSystemSynchronizedRootGroup section */

/* Begin PBXFrameworksBuildPhase section */
		79EE67572DA75D5F00FFD334 /* Frameworks */ = {
			isa = PBXFrameworksBuildPhase;
			buildActionMask = 2147483647;
			files = (
			);
			runOnlyForDeploymentPostprocessing = 0;
		};
		79EE676D2DA75D6200FFD334 /* Frameworks */ = {
			isa = PBXFrameworksBuildPhase;
			buildActionMask = 2147483647;
			files = (
			);
			runOnlyForDeploymentPostprocessing = 0;
		};
		79EE67772DA75D6200FFD334 /* Frameworks */ = {
			isa = PBXFrameworksBuildPhase;
			buildActionMask = 2147483647;
			files = (
			);
			runOnlyForDeploymentPostprocessing = 0;
		};
/* End PBXFrameworksBuildPhase section */

/* Begin PBXGroup section */
		79EE67512DA75D5F00FFD334 = {
			isa = PBXGroup;
			children = (
				79EE675C2DA75D5F00FFD334 /* AppStoreAPI */,
				79EE67732DA75D6200FFD334 /* AppStoreAPITests */,
				79EE677D2DA75D6200FFD334 /* AppStoreAPIUITests */,
				79EE675B2DA75D5F00FFD334 /* Products */,
			);
			sourceTree = "<group>";
		};
		79EE675B2DA75D5F00FFD334 /* Products */ = {
			isa = PBXGroup;
			children = (
				79EE675A2DA75D5F00FFD334 /* AppStoreAPI.app */,
				79EE67702DA75D6200FFD334 /* AppStoreAPITests.xctest */,
				79EE677A2DA75D6200FFD334 /* AppStoreAPIUITests.xctest */,
			);
			name = Products;
			sourceTree = "<group>";
		};
/* End PBXGroup section */

/* Begin PBXNativeTarget section */
		79EE67592DA75D5F00FFD334 /* AppStoreAPI */ = {
			isa = PBXNativeTarget;
			buildConfigurationList = 79EE67832DA75D6200FFD334 /* Build configuration list for PBXNativeTarget "AppStoreAPI" */;
			buildPhases = (
				79EE67562DA75D5F00FFD334 /* Sources */,
				79EE67572DA75D5F00FFD334 /* Frameworks */,
				79EE67582DA75D5F00FFD334 /* Resources */,
			);
			buildRules = (
			);
			dependencies = (
			);
			fileSystemSynchronizedGroups = (
				79EE675C2DA75D5F00FFD334 /* AppStoreAPI */,
			);
			name = AppStoreAPI;
			packageProductDependencies = (
			);
			productName = AppStoreAPI;
			productReference = 79EE675A2DA75D5F00FFD334 /* AppStoreAPI.app */;
			productType = "com.apple.product-type.application";
		};
		79EE676F2DA75D6200FFD334 /* AppStoreAPITests */ = {
			isa = PBXNativeTarget;
			buildConfigurationList = 79EE67882DA75D6200FFD334 /* Build configuration list for PBXNativeTarget "AppStoreAPITests" */;
			buildPhases = (
				79EE676C2DA75D6200FFD334 /* Sources */,
				79EE676D2DA75D6200FFD334 /* Frameworks */,
				79EE676E2DA75D6200FFD334 /* Resources */,
			);
			buildRules = (
			);
			dependencies = (
				79EE67722DA75D6200FFD334 /* PBXTargetDependency */,
			);
			fileSystemSynchronizedGroups = (
				79EE67732DA75D6200FFD334 /* AppStoreAPITests */,
			);
			name = AppStoreAPITests;
			packageProductDependencies = (
			);
			productName = AppStoreAPITests;
			productReference = 79EE67702DA75D6200FFD334 /* AppStoreAPITests.xctest */;
			productType = "com.apple.product-type.bundle.unit-test";
		};
		79EE67792DA75D6200FFD334 /* AppStoreAPIUITests */ = {
			isa = PBXNativeTarget;
			buildConfigurationList = 79EE678B2DA75D6200FFD334 /* Build configuration list for PBXNativeTarget "AppStoreAPIUITests" */;
			buildPhases = (
				79EE67762DA75D6200FFD334 /* Sources */,
				79EE67772DA75D6200FFD334 /* Frameworks */,
				79EE67782DA75D6200FFD334 /* Resources */,
			);
			buildRules = (
			);
			dependencies = (
				79EE677C2DA75D6200FFD334 /* PBXTargetDependency */,
			);
			fileSystemSynchronizedGroups = (
				79EE677D2DA75D6200FFD334 /* AppStoreAPIUITests */,
			);
			name = AppStoreAPIUITests;
			packageProductDependencies = (
			);
			productName = AppStoreAPIUITests;
			productReference = 79EE677A2DA75D6200FFD334 /* AppStoreAPIUITests.xctest */;
			productType = "com.apple.product-type.bundle.ui-testing";
		};
/* End PBXNativeTarget section */

/* Begin PBXProject section */
		79EE67522DA75D5F00FFD334 /* Project object */ = {
			isa = PBXProject;
			attributes = {
				BuildIndependentTargetsInParallel = 1;
				LastSwiftUpdateCheck = 1630;
				LastUpgradeCheck = 1630;
				TargetAttributes = {
					79EE67592DA75D5F00FFD334 = {
						CreatedOnToolsVersion = 16.3;
					};
					79EE676F2DA75D6200FFD334 = {
						CreatedOnToolsVersion = 16.3;
						TestTargetID = 79EE67592DA75D5F00FFD334;
					};
					79EE67792DA75D6200FFD334 = {
						CreatedOnToolsVersion = 16.3;
						TestTargetID = 79EE67592DA75D5F00FFD334;
					};
				};
			};
			buildConfigurationList = 79EE67552DA75D5F00FFD334 /* Build configuration list for PBXProject "AppStoreAPI" */;
			developmentRegion = en;
			hasScannedForEncodings = 0;
			knownRegions = (
				en,
				Base,
			);
			mainGroup = 79EE67512DA75D5F00FFD334;
			minimizedProjectReferenceProxies = 1;
			preferredProjectObjectVersion = 77;
			productRefGroup = 79EE675B2DA75D5F00FFD334 /* Products */;
			projectDirPath = "";
			projectRoot = "";
			targets = (
				79EE67592DA75D5F00FFD334 /* AppStoreAPI */,
				79EE676F2DA75D6200FFD334 /* AppStoreAPITests */,
				79EE67792DA75D6200FFD334 /* AppStoreAPIUITests */,
			);
		};
/* End PBXProject section */

/* Begin PBXResourcesBuildPhase section */
		79EE67582DA75D5F00FFD334 /* Resources */ = {
			isa = PBXResourcesBuildPhase;
			buildActionMask = 2147483647;
			files = (
			);
			runOnlyForDeploymentPostprocessing = 0;
		};
		79EE676E2DA75D6200FFD334 /* Resources */ = {
			isa = PBXResourcesBuildPhase;
			buildActionMask = 2147483647;
			files = (
			);
			runOnlyForDeploymentPostprocessing = 0;
		};
		79EE67782DA75D6200FFD334 /* Resources */ = {
			isa = PBXResourcesBuildPhase;
			buildActionMask = 2147483647;
			files = (
			);
			runOnlyForDeploymentPostprocessing = 0;
		};
/* End PBXResourcesBuildPhase section */

/* Begin PBXSourcesBuildPhase section */
		79EE67562DA75D5F00FFD334 /* Sources */ = {
			isa = PBXSourcesBuildPhase;
			buildActionMask = 2147483647;
			files = (
			);
			runOnlyForDeploymentPostprocessing = 0;
		};
		79EE676C2DA75D6200FFD334 /* Sources */ = {
			isa = PBXSourcesBuildPhase;
			buildActionMask = 2147483647;
			files = (
			);
			runOnlyForDeploymentPostprocessing = 0;
		};
		79EE67762DA75D6200FFD334 /* Sources */ = {
			isa = PBXSourcesBuildPhase;
			buildActionMask = 2147483647;
			files = (
			);
			runOnlyForDeploymentPostprocessing = 0;
		};
/* End PBXSourcesBuildPhase section */

/* Begin PBXTargetDependency section */
		79EE67722DA75D6200FFD334 /* PBXTargetDependency */ = {
			isa = PBXTargetDependency;
			target = 79EE67592DA75D5F00FFD334 /* AppStoreAPI */;
			targetProxy = 79EE67712DA75D6200FFD334 /* PBXContainerItemProxy */;
		};
		79EE677C2DA75D6200FFD334 /* PBXTargetDependency */ = {
			isa = PBXTargetDependency;
			target = 79EE67592DA75D5F00FFD334 /* AppStoreAPI */;
			targetProxy = 79EE677B2DA75D6200FFD334 /* PBXContainerItemProxy */;
		};
/* End PBXTargetDependency section */

/* Begin XCBuildConfiguration section */
		79EE67842DA75D6200FFD334 /* Debug */ = {
			isa = XCBuildConfiguration;
			buildSettings = {
				ASSETCATALOG_COMPILER_APPICON_NAME = AppIcon;
				ASSETCATALOG_COMPILER_GLOBAL_ACCENT_COLOR_NAME = AccentColor;
				CODE_SIGN_STYLE = Automatic;
				CURRENT_PROJECT_VERSION = 1;
				GENERATE_INFOPLIST_FILE = YES;
				INFOPLIST_FILE = AppStoreAPI/Info.plist;
				INFOPLIST_KEY_UIApplicationSupportsIndirectInputEvents = YES;
				INFOPLIST_KEY_UILaunchStoryboardName = LaunchScreen;
				INFOPLIST_KEY_UIMainStoryboardFile = Main;
				INFOPLIST_KEY_UISupportedInterfaceOrientations_iPad = "UIInterfaceOrientationPortrait UIInterfaceOrientationPortraitUpsideDown UIInterfaceOrientationLandscapeLeft UIInterfaceOrientationLandscapeRight";
				INFOPLIST_KEY_UISupportedInterfaceOrientations_iPhone = "UIInterfaceOrientationPortrait UIInterfaceOrientationLandscapeLeft UIInterfaceOrientationLandscapeRight";
				LD_RUNPATH_SEARCH_PATHS = (
					"$(inherited)",
					"@executable_path/Frameworks",
				);
				MARKETING_VERSION = 1.0;
				PRODUCT_BUNDLE_IDENTIFIER = com.jch.AppStoreAPI;
				PRODUCT_NAME = "$(TARGET_NAME)";
				SWIFT_EMIT_LOC_STRINGS = YES;
				SWIFT_VERSION = 5.0;
				TARGETED_DEVICE_FAMILY = "1,2";
			};
			name = Debug;
		};
		79EE67852DA75D6200FFD334 /* Release */ = {
			isa = XCBuildConfiguration;
			buildSettings = {
				ASSETCATALOG_COMPILER_APPICON_NAME = AppIcon;
				ASSETCATALOG_COMPILER_GLOBAL_ACCENT_COLOR_NAME = AccentColor;
				CODE_SIGN_STYLE = Automatic;
				CURRENT_PROJECT_VERSION = 1;
				GENERATE_INFOPLIST_FILE = YES;
				INFOPLIST_FILE = AppStoreAPI/Info.plist;
				INFOPLIST_KEY_UIApplicationSupportsIndirectInputEvents = YES;
				INFOPLIST_KEY_UILaunchStoryboardName = LaunchScreen;
				INFOPLIST_KEY_UIMainStoryboardFile = Main;
				INFOPLIST_KEY_UISupportedInterfaceOrientations_iPad = "UIInterfaceOrientationPortrait UIInterfaceOrientationPortraitUpsideDown UIInterfaceOrientationLandscapeLeft UIInterfaceOrientationLandscapeRight";
				INFOPLIST_KEY_UISupportedInterfaceOrientations_iPhone = "UIInterfaceOrientationPortrait UIInterfaceOrientationLandscapeLeft UIInterfaceOrientationLandscapeRight";
				LD_RUNPATH_SEARCH_PATHS = (
					"$(inherited)",
					"@executable_path/Frameworks",
				);
				MARKETING_VERSION = 1.0;
				PRODUCT_BUNDLE_IDENTIFIER = com.jch.AppStoreAPI;
				PRODUCT_NAME = "$(TARGET_NAME)";
				SWIFT_EMIT_LOC_STRINGS = YES;
				SWIFT_VERSION = 5.0;
				TARGETED_DEVICE_FAMILY = "1,2";
			};
			name = Release;
		};
		79EE67862DA75D6200FFD334 /* Debug */ = {
			isa = XCBuildConfiguration;
			buildSettings = {
				ALWAYS_SEARCH_USER_PATHS = NO;
				ASSETCATALOG_COMPILER_GENERATE_SWIFT_ASSET_SYMBOL_EXTENSIONS = YES;
				CLANG_ANALYZER_NONNULL = YES;
				CLANG_ANALYZER_NUMBER_OBJECT_CONVERSION = YES_AGGRESSIVE;
				CLANG_CXX_LANGUAGE_STANDARD = "gnu++20";
				CLANG_ENABLE_MODULES = YES;
				CLANG_ENABLE_OBJC_ARC = YES;
				CLANG_ENABLE_OBJC_WEAK = YES;
				CLANG_WARN_BLOCK_CAPTURE_AUTORELEASING = YES;
				CLANG_WARN_BOOL_CONVERSION = YES;
				CLANG_WARN_COMMA = YES;
				CLANG_WARN_CONSTANT_CONVERSION = YES;
				CLANG_WARN_DEPRECATED_OBJC_IMPLEMENTATIONS = YES;
				CLANG_WARN_DIRECT_OBJC_ISA_USAGE = YES_ERROR;
				CLANG_WARN_DOCUMENTATION_COMMENTS = YES;
				CLANG_WARN_EMPTY_BODY = YES;
				CLANG_WARN_ENUM_CONVERSION = YES;
				CLANG_WARN_INFINITE_RECURSION = YES;
				CLANG_WARN_INT_CONVERSION = YES;
				CLANG_WARN_NON_LITERAL_NULL_CONVERSION = YES;
				CLANG_WARN_OBJC_IMPLICIT_RETAIN_SELF = YES;
				CLANG_WARN_OBJC_LITERAL_CONVERSION = YES;
				CLANG_WARN_OBJC_ROOT_CLASS = YES_ERROR;
				CLANG_WARN_QUOTED_INCLUDE_IN_FRAMEWORK_HEADER = YES;
				CLANG_WARN_RANGE_LOOP_ANALYSIS = YES;
				CLANG_WARN_STRICT_PROTOTYPES = YES;
				CLANG_WARN_SUSPICIOUS_MOVE = YES;
				CLANG_WARN_UNGUARDED_AVAILABILITY = YES_AGGRESSIVE;
				CLANG_WARN_UNREACHABLE_CODE = YES;
				CLANG_WARN__DUPLICATE_METHOD_MATCH = YES;
				COPY_PHASE_STRIP = NO;
				DEBUG_INFORMATION_FORMAT = dwarf;
				ENABLE_STRICT_OBJC_MSGSEND = YES;
				ENABLE_TESTABILITY = YES;
				ENABLE_USER_SCRIPT_SANDBOXING = YES;
				GCC_C_LANGUAGE_STANDARD = gnu17;
				GCC_DYNAMIC_NO_PIC = NO;
				GCC_NO_COMMON_BLOCKS = YES;
				GCC_OPTIMIZATION_LEVEL = 0;
				GCC_PREPROCESSOR_DEFINITIONS = (
					"DEBUG=1",
					"$(inherited)",
				);
				GCC_WARN_64_TO_32_BIT_CONVERSION = YES;
				GCC_WARN_ABOUT_RETURN_TYPE = YES_ERROR;
				GCC_WARN_UNDECLARED_SELECTOR = YES;
				GCC_WARN_UNINITIALIZED_AUTOS = YES_AGGRESSIVE;
				GCC_WARN_UNUSED_FUNCTION = YES;
				GCC_WARN_UNUSED_VARIABLE = YES;
				IPHONEOS_DEPLOYMENT_TARGET = 18.4;
				LOCALIZATION_PREFERS_STRING_CATALOGS = YES;
				MTL_ENABLE_DEBUG_INFO = INCLUDE_SOURCE;
				MTL_FAST_MATH = YES;
				ONLY_ACTIVE_ARCH = YES;
				SDKROOT = iphoneos;
				SWIFT_ACTIVE_COMPILATION_CONDITIONS = "DEBUG $(inherited)";
				SWIFT_OPTIMIZATION_LEVEL = "-Onone";
			};
			name = Debug;
		};
		79EE67872DA75D6200FFD334 /* Release */ = {
			isa = XCBuildConfiguration;
			buildSettings = {
				ALWAYS_SEARCH_USER_PATHS = NO;
				ASSETCATALOG_COMPILER_GENERATE_SWIFT_ASSET_SYMBOL_EXTENSIONS = YES;
				CLANG_ANALYZER_NONNULL = YES;
				CLANG_ANALYZER_NUMBER_OBJECT_CONVERSION = YES_AGGRESSIVE;
				CLANG_CXX_LANGUAGE_STANDARD = "gnu++20";
				CLANG_ENABLE_MODULES = YES;
				CLANG_ENABLE_OBJC_ARC = YES;
				CLANG_ENABLE_OBJC_WEAK = YES;
				CLANG_WARN_BLOCK_CAPTURE_AUTORELEASING = YES;
				CLANG_WARN_BOOL_CONVERSION = YES;
				CLANG_WARN_COMMA = YES;
				CLANG_WARN_CONSTANT_CONVERSION = YES;
				CLANG_WARN_DEPRECATED_OBJC_IMPLEMENTATIONS = YES;
				CLANG_WARN_DIRECT_OBJC_ISA_USAGE = YES_ERROR;
				CLANG_WARN_DOCUMENTATION_COMMENTS = YES;
				CLANG_WARN_EMPTY_BODY = YES;
				CLANG_WARN_ENUM_CONVERSION = YES;
				CLANG_WARN_INFINITE_RECURSION = YES;
				CLANG_WARN_INT_CONVERSION = YES;
				CLANG_WARN_NON_LITERAL_NULL_CONVERSION = YES;
				CLANG_WARN_OBJC_IMPLICIT_RETAIN_SELF = YES;
				CLANG_WARN_OBJC_LITERAL_CONVERSION = YES;
				CLANG_WARN_OBJC_ROOT_CLASS = YES_ERROR;
				CLANG_WARN_QUOTED_INCLUDE_IN_FRAMEWORK_HEADER = YES;
				CLANG_WARN_RANGE_LOOP_ANALYSIS = YES;
				CLANG_WARN_STRICT_PROTOTYPES = YES;
				CLANG_WARN_SUSPICIOUS_MOVE = YES;
				CLANG_WARN_UNGUARDED_AVAILABILITY = YES_AGGRESSIVE;
				CLANG_WARN_UNREACHABLE_CODE = YES;
				CLANG_WARN__DUPLICATE_METHOD_MATCH = YES;
				COPY_PHASE_STRIP = NO;
				DEBUG_INFORMATION_FORMAT = "dwarf-with-dsym";
				ENABLE_NS_ASSERTIONS = NO;
				ENABLE_STRICT_OBJC_MSGSEND = YES;
				ENABLE_USER_SCRIPT_SANDBOXING = YES;
				GCC_C_LANGUAGE_STANDARD = gnu17;
				GCC_NO_COMMON_BLOCKS = YES;
				GCC_WARN_64_TO_32_BIT_CONVERSION = YES;
				GCC_WARN_ABOUT_RETURN_TYPE = YES_ERROR;
				GCC_WARN_UNDECLARED_SELECTOR = YES;
				GCC_WARN_UNINITIALIZED_AUTOS = YES_AGGRESSIVE;
				GCC_WARN_UNUSED_FUNCTION = YES;
				GCC_WARN_UNUSED_VARIABLE = YES;
				IPHONEOS_DEPLOYMENT_TARGET = 18.4;
				LOCALIZATION_PREFERS_STRING_CATALOGS = YES;
				MTL_ENABLE_DEBUG_INFO = NO;
				MTL_FAST_MATH = YES;
				SDKROOT = iphoneos;
				SWIFT_COMPILATION_MODE = wholemodule;
				VALIDATE_PRODUCT = YES;
			};
			name = Release;
		};
		79EE67892DA75D6200FFD334 /* Debug */ = {
			isa = XCBuildConfiguration;
			buildSettings = {
				BUNDLE_LOADER = "$(TEST_HOST)";
				CODE_SIGN_STYLE = Automatic;
				CURRENT_PROJECT_VERSION = 1;
				GENERATE_INFOPLIST_FILE = YES;
				IPHONEOS_DEPLOYMENT_TARGET = 18.4;
				MARKETING_VERSION = 1.0;
				PRODUCT_BUNDLE_IDENTIFIER = com.jch.AppStoreAPITests;
				PRODUCT_NAME = "$(TARGET_NAME)";
				SWIFT_EMIT_LOC_STRINGS = NO;
				SWIFT_VERSION = 5.0;
				TARGETED_DEVICE_FAMILY = "1,2";
				TEST_HOST = "$(BUILT_PRODUCTS_DIR)/AppStoreAPI.app/$(BUNDLE_EXECUTABLE_FOLDER_PATH)/AppStoreAPI";
			};
			name = Debug;
		};
		79EE678A2DA75D6200FFD334 /* Release */ = {
			isa = XCBuildConfiguration;
			buildSettings = {
				BUNDLE_LOADER = "$(TEST_HOST)";
				CODE_SIGN_STYLE = Automatic;
				CURRENT_PROJECT_VERSION = 1;
				GENERATE_INFOPLIST_FILE = YES;
				IPHONEOS_DEPLOYMENT_TARGET = 18.4;
				MARKETING_VERSION = 1.0;
				PRODUCT_BUNDLE_IDENTIFIER = com.jch.AppStoreAPITests;
				PRODUCT_NAME = "$(TARGET_NAME)";
				SWIFT_EMIT_LOC_STRINGS = NO;
				SWIFT_VERSION = 5.0;
				TARGETED_DEVICE_FAMILY = "1,2";
				TEST_HOST = "$(BUILT_PRODUCTS_DIR)/AppStoreAPI.app/$(BUNDLE_EXECUTABLE_FOLDER_PATH)/AppStoreAPI";
			};
			name = Release;
		};
		79EE678C2DA75D6200FFD334 /* Debug */ = {
			isa = XCBuildConfiguration;
			buildSettings = {
				CODE_SIGN_STYLE = Automatic;
				CURRENT_PROJECT_VERSION = 1;
				GENERATE_INFOPLIST_FILE = YES;
				MARKETING_VERSION = 1.0;
				PRODUCT_BUNDLE_IDENTIFIER = com.jch.AppStoreAPIUITests;
				PRODUCT_NAME = "$(TARGET_NAME)";
				SWIFT_EMIT_LOC_STRINGS = NO;
				SWIFT_VERSION = 5.0;
				TARGETED_DEVICE_FAMILY = "1,2";
				TEST_TARGET_NAME = AppStoreAPI;
			};
			name = Debug;
		};
		79EE678D2DA75D6200FFD334 /* Release */ = {
			isa = XCBuildConfiguration;
			buildSettings = {
				CODE_SIGN_STYLE = Automatic;
				CURRENT_PROJECT_VERSION = 1;
				GENERATE_INFOPLIST_FILE = YES;
				MARKETING_VERSION = 1.0;
				PRODUCT_BUNDLE_IDENTIFIER = com.jch.AppStoreAPIUITests;
				PRODUCT_NAME = "$(TARGET_NAME)";
				SWIFT_EMIT_LOC_STRINGS = NO;
				SWIFT_VERSION = 5.0;
				TARGETED_DEVICE_FAMILY = "1,2";
				TEST_TARGET_NAME = AppStoreAPI;
			};
			name = Release;
		};
/* End XCBuildConfiguration section */

/* Begin XCConfigurationList section */
		79EE67552DA75D5F00FFD334 /* Build configuration list for PBXProject "AppStoreAPI" */ = {
			isa = XCConfigurationList;
			buildConfigurations = (
				79EE67862DA75D6200FFD334 /* Debug */,
				79EE67872DA75D6200FFD334 /* Release */,
			);
			defaultConfigurationIsVisible = 0;
			defaultConfigurationName = Release;
		};
		79EE67832DA75D6200FFD334 /* Build configuration list for PBXNativeTarget "AppStoreAPI" */ = {
			isa = XCConfigurationList;
			buildConfigurations = (
				79EE67842DA75D6200FFD334 /* Debug */,
				79EE67852DA75D6200FFD334 /* Release */,
			);
			defaultConfigurationIsVisible = 0;
			defaultConfigurationName = Release;
		};
		79EE67882DA75D6200FFD334 /* Build configuration list for PBXNativeTarget "AppStoreAPITests" */ = {
			isa = XCConfigurationList;
			buildConfigurations = (
				79EE67892DA75D6200FFD334 /* Debug */,
				79EE678A2DA75D6200FFD334 /* Release */,
			);
			defaultConfigurationIsVisible = 0;
			defaultConfigurationName = Release;
		};
		79EE678B2DA75D6200FFD334 /* Build configuration list for PBXNativeTarget "AppStoreAPIUITests" */ = {
			isa = XCConfigurationList;
			buildConfigurations = (
				79EE678C2DA75D6200FFD334 /* Debug */,
				79EE678D2DA75D6200FFD334 /* Release */,
			);
			defaultConfigurationIsVisible = 0;
			defaultConfigurationName = Release;
		};
/* End XCConfigurationList section */
	};
	rootObject = 79EE67522DA75D5F00FFD334 /* Project object */;
}
